
Microsoft Visual Studio Solution File, Format Version 12.00
# Visual Studio Version 17
VisualStudioVersion = 17.8.34330.188
MinimumVisualStudioVersion = 10.0.40219.1
Project("{FAE04EC0-301F-11D3-BF4B-00C04F79EFBC}") = "hw6", "hw6.csproj", "{BBD62572-437C-481D-84A8-685A05570635}"
EndProject
Global
	GlobalSection(SolutionConfigurationPlatforms) = preSolution
		Debug|Any CPU = Debug|Any CPU
		Release|Any CPU = Release|Any CPU
	EndGlobalSection
	GlobalSection(ProjectConfigurationPlatforms) = postSolution
		{BBD62572-437C-481D-84A8-685A05570635}.Debug|Any CPU.ActiveCfg = Debug|Any CPU
		{BBD62572-437C-481D-84A8-685A05570635}.Debug|Any CPU.Build.0 = Debug|Any CPU
		{BBD62572-437C-481D-84A8-685A05570635}.Release|Any CPU.ActiveCfg = Release|Any CPU
		{BBD62572-437C-481D-84A8-685A05570635}.Release|Any CPU.Build.0 = Release|Any CPU
	EndGlobalSection
	GlobalSection(SolutionProperties) = preSolution
		HideSolutionNode = FALSE
	EndGlobalSection
	GlobalSection(ExtensibilityGlobals) = postSolution
		SolutionGuid = {2FB39C95-64CE-46D5-91A9-2E0381A08262}
	EndGlobalSection
EndGlobal
