
Microsoft Visual Studio Solution File, Format Version 12.00
# Visual Studio Version 17
VisualStudioVersion = 17.8.34330.188
MinimumVisualStudioVersion = 10.0.40219.1
Project("{FAE04EC0-301F-11D3-BF4B-00C04F79EFBC}") = "hw10", "hw10.csproj", "{E3F731F3-D861-4626-94CB-4AD1B2B591D5}"
EndProject
Global
	GlobalSection(SolutionConfigurationPlatforms) = preSolution
		Debug|Any CPU = Debug|Any CPU
		Release|Any CPU = Release|Any CPU
	EndGlobalSection
	GlobalSection(ProjectConfigurationPlatforms) = postSolution
		{E3F731F3-D861-4626-94CB-4AD1B2B591D5}.Debug|Any CPU.ActiveCfg = Debug|Any CPU
		{E3F731F3-D861-4626-94CB-4AD1B2B591D5}.Debug|Any CPU.Build.0 = Debug|Any CPU
		{E3F731F3-D861-4626-94CB-4AD1B2B591D5}.Release|Any CPU.ActiveCfg = Release|Any CPU
		{E3F731F3-D861-4626-94CB-4AD1B2B591D5}.Release|Any CPU.Build.0 = Release|Any CPU
	EndGlobalSection
	GlobalSection(SolutionProperties) = preSolution
		HideSolutionNode = FALSE
	EndGlobalSection
	GlobalSection(ExtensibilityGlobals) = postSolution
		SolutionGuid = {49F34278-B353-4DF9-B88E-6BA518CAFA6F}
	EndGlobalSection
EndGlobal
